{"1.2.0",
[{<<"brod">>,{pkg,<<"brod">>,<<"4.4.6">>},0},
 {<<"crc32cer">>,{pkg,<<"crc32cer">>,<<"1.0.4">>},2},
 {<<"kafka_protocol">>,{pkg,<<"kafka_protocol">>,<<"4.2.8">>},1},
 {<<"snappyer">>,{pkg,<<"snappyer">>,<<"1.2.10">>},0},
 {<<"vernemq_dev">>,
  {git,"https://github.com/vernemq/vernemq_dev.git",
       {ref,"66ce2cc58ba2f79f748e1a77635582f27273e20d"}},
  0}]}.
[
{pkg_hash,[
 {<<"brod">>, <<"790FEC8AD8D894D2ED34933A4D941E4846280AD9DC89BACB8312A8711CBF05FB">>},
 {<<"crc32cer">>, <<"38ABA23594B87FE37CD6B72C04860FA68CD9BCB3B5A9187AA4A869C435E78434">>},
 {<<"kafka_protocol">>, <<"441E233F0EF44DB2C2ADF6674B38BC2F1D2BD95A6D2BB2039614CD05EA5876B0">>},
 {<<"snappyer">>, <<"023E9AE00E969B0997208B5DE7D3B12BB46EC6BC5411E8DC53E7B3F435B8F0FD">>}]},
{pkg_hash_ext,[
 {<<"brod">>, <<"A47757F985C52681D5AB25D41A52CAFE7C188208F6D2BE2864F0A11EC8A19568">>},
 {<<"crc32cer">>, <<"147307889AAE52490D7674A639CA59818A02C692E217763CA330F451DF8CA9DE">>},
 {<<"kafka_protocol">>, <<"8004E8918F6ABFE75F6A2E98B607B7AE88620BA6C3FCE3515BD36CA99150770D">>},
 {<<"snappyer">>, <<"F55BD9ED147E7163CB3ACD1E431A7FF2C9E31CEACBB8308786094FB64551C284">>}]}
].
